
Microsoft Visual Studio Solution File, Format Version 12.00
# Visual Studio 14
VisualStudioVersion = 14.0.25420.1
MinimumVisualStudioVersion = 10.0.40219.1
Project("{8BC9CEB8-8B4A-11D0-8D11-00A0C91BC942}") = "Variables", "Variables\Variables.vcxproj", "{611EA1F6-E3DA-49A8-8ED1-13F4C6410271}"
EndProject
Project("{8BC9CEB8-8B4A-11D0-8D11-00A0C91BC942}") = "Swapper", "Swapper\Swapper.vcxproj", "{99259966-E6C2-44EC-A0BF-1041FF865DA3}"
EndProject
Project("{8BC9CEB8-8B4A-11D0-8D11-00A0C91BC942}") = "Problem 5", "Problem 5\Problem 5.vcxproj", "{AC8944B9-06A8-486E-AAD8-3558F6432835}"
EndProject
Project("{8BC9CEB8-8B4A-11D0-8D11-00A0C91BC942}") = "An Average of Five", "Problem 6\Problem 6.vcxproj", "{B6281497-762A-4D24-852C-2AC5E29E10F3}"
EndProject
Project("{8BC9CEB8-8B4A-11D0-8D11-00A0C91BC942}") = "Middle of the alphabet", "Middle of the alphabet\Middle of the alphabet.vcxproj", "{8E9AE057-0C24-4008-A885-4E4E9AC13A8C}"
EndProject
Project("{8BC9CEB8-8B4A-11D0-8D11-00A0C91BC942}") = "Conditional Commands", "Conditional Commands\Conditional Commands.vcxproj", "{76D6D974-C90A-4678-9F79-A6EAEE36F446}"
EndProject
Project("{8BC9CEB8-8B4A-11D0-8D11-00A0C91BC942}") = "The Larger Number", "The larger number\The larger number.vcxproj", "{30DC6FA1-5895-4724-8AF0-599C9881C14D}"
EndProject
Project("{8BC9CEB8-8B4A-11D0-8D11-00A0C91BC942}") = "Does x equal 100", "Does x equal 100\Does x equal 100.vcxproj", "{B2CDB2B6-E554-440E-BE01-EA050EBD1317}"
EndProject
Project("{8BC9CEB8-8B4A-11D0-8D11-00A0C91BC942}") = "Ascending Descending", "Ascending Descending\Ascending Descending.vcxproj", "{8EFC7570-DA47-47C4-8972-BAF12ECF3484}"
EndProject
Project("{8BC9CEB8-8B4A-11D0-8D11-00A0C91BC942}") = "If to Switch", "If to Switch\If to Switch.vcxproj", "{057EF2E4-91AA-4162-86B7-27D2EEA0BADF}"
EndProject
Project("{8BC9CEB8-8B4A-11D0-8D11-00A0C91BC942}") = "Ternary Operator", "Ternary Operator\Ternary Operator.vcxproj", "{4C282F67-C1F4-4B82-872F-B2AD99079624}"
EndProject
Project("{8BC9CEB8-8B4A-11D0-8D11-00A0C91BC942}") = "Calculator", "Calculator\Calculator.vcxproj", "{FC15CA5E-5035-46A0-B398-BF1DCCA92C68}"
EndProject
Project("{8BC9CEB8-8B4A-11D0-8D11-00A0C91BC942}") = "Month", "Month\Month.vcxproj", "{48690529-3FA4-45E4-8576-56D11A4121FD}"
EndProject
Project("{8BC9CEB8-8B4A-11D0-8D11-00A0C91BC942}") = "Loops", "Loops\Loops.vcxproj", "{4E9C2E3C-6F86-4141-9CCB-87BC2E8E8246}"
EndProject
Project("{8BC9CEB8-8B4A-11D0-8D11-00A0C91BC942}") = "A For loop that goes fro 0 to 100", "A For loop that goes fro 0 to 100\A For loop that goes fro 0 to 100.vcxproj", "{D78CA2A8-6688-429E-8381-D8E23B7F80E2}"
EndProject
Project("{8BC9CEB8-8B4A-11D0-8D11-00A0C91BC942}") = "multiple for loop", "multiple for loop\multiple for loop.vcxproj", "{E56CB962-EA3B-42BC-A73E-119E39B00CAC}"
EndProject
Project("{8BC9CEB8-8B4A-11D0-8D11-00A0C91BC942}") = "Arrays", "Arrays\Arrays.vcxproj", "{836F61C2-E8E4-46AA-A507-F84FC0FC0578}"
EndProject
Project("{8BC9CEB8-8B4A-11D0-8D11-00A0C91BC942}") = "Array Problem 1", "Array Problem 1\Array Problem 1.vcxproj", "{B724DC62-9CF3-46BE-9C77-6EBAEE4898CE}"
EndProject
Project("{8BC9CEB8-8B4A-11D0-8D11-00A0C91BC942}") = "Array Storage", "Array Storage\Array Storage.vcxproj", "{7D34A985-4155-4123-9720-93D7496AEB82}"
EndProject
Project("{8BC9CEB8-8B4A-11D0-8D11-00A0C91BC942}") = "Array Problem 4 Copy", "Array Problem 4 Copy\Array Problem 4 Copy.vcxproj", "{506BEA33-3F16-4AAB-A3D5-846F387F0F38}"
EndProject
Global
	GlobalSection(SolutionConfigurationPlatforms) = preSolution
		Debug|x64 = Debug|x64
		Debug|x86 = Debug|x86
		Release|x64 = Release|x64
		Release|x86 = Release|x86
	EndGlobalSection
	GlobalSection(ProjectConfigurationPlatforms) = postSolution
		{611EA1F6-E3DA-49A8-8ED1-13F4C6410271}.Debug|x64.ActiveCfg = Debug|x64
		{611EA1F6-E3DA-49A8-8ED1-13F4C6410271}.Debug|x64.Build.0 = Debug|x64
		{611EA1F6-E3DA-49A8-8ED1-13F4C6410271}.Debug|x86.ActiveCfg = Debug|Win32
		{611EA1F6-E3DA-49A8-8ED1-13F4C6410271}.Debug|x86.Build.0 = Debug|Win32
		{611EA1F6-E3DA-49A8-8ED1-13F4C6410271}.Release|x64.ActiveCfg = Release|x64
		{611EA1F6-E3DA-49A8-8ED1-13F4C6410271}.Release|x64.Build.0 = Release|x64
		{611EA1F6-E3DA-49A8-8ED1-13F4C6410271}.Release|x86.ActiveCfg = Release|Win32
		{611EA1F6-E3DA-49A8-8ED1-13F4C6410271}.Release|x86.Build.0 = Release|Win32
		{99259966-E6C2-44EC-A0BF-1041FF865DA3}.Debug|x64.ActiveCfg = Debug|x64
		{99259966-E6C2-44EC-A0BF-1041FF865DA3}.Debug|x64.Build.0 = Debug|x64
		{99259966-E6C2-44EC-A0BF-1041FF865DA3}.Debug|x86.ActiveCfg = Debug|Win32
		{99259966-E6C2-44EC-A0BF-1041FF865DA3}.Debug|x86.Build.0 = Debug|Win32
		{99259966-E6C2-44EC-A0BF-1041FF865DA3}.Release|x64.ActiveCfg = Release|x64
		{99259966-E6C2-44EC-A0BF-1041FF865DA3}.Release|x64.Build.0 = Release|x64
		{99259966-E6C2-44EC-A0BF-1041FF865DA3}.Release|x86.ActiveCfg = Release|Win32
		{99259966-E6C2-44EC-A0BF-1041FF865DA3}.Release|x86.Build.0 = Release|Win32
		{AC8944B9-06A8-486E-AAD8-3558F6432835}.Debug|x64.ActiveCfg = Debug|x64
		{AC8944B9-06A8-486E-AAD8-3558F6432835}.Debug|x64.Build.0 = Debug|x64
		{AC8944B9-06A8-486E-AAD8-3558F6432835}.Debug|x86.ActiveCfg = Debug|Win32
		{AC8944B9-06A8-486E-AAD8-3558F6432835}.Debug|x86.Build.0 = Debug|Win32
		{AC8944B9-06A8-486E-AAD8-3558F6432835}.Release|x64.ActiveCfg = Release|x64
		{AC8944B9-06A8-486E-AAD8-3558F6432835}.Release|x64.Build.0 = Release|x64
		{AC8944B9-06A8-486E-AAD8-3558F6432835}.Release|x86.ActiveCfg = Release|Win32
		{AC8944B9-06A8-486E-AAD8-3558F6432835}.Release|x86.Build.0 = Release|Win32
		{B6281497-762A-4D24-852C-2AC5E29E10F3}.Debug|x64.ActiveCfg = Debug|x64
		{B6281497-762A-4D24-852C-2AC5E29E10F3}.Debug|x64.Build.0 = Debug|x64
		{B6281497-762A-4D24-852C-2AC5E29E10F3}.Debug|x86.ActiveCfg = Debug|Win32
		{B6281497-762A-4D24-852C-2AC5E29E10F3}.Debug|x86.Build.0 = Debug|Win32
		{B6281497-762A-4D24-852C-2AC5E29E10F3}.Release|x64.ActiveCfg = Release|x64
		{B6281497-762A-4D24-852C-2AC5E29E10F3}.Release|x64.Build.0 = Release|x64
		{B6281497-762A-4D24-852C-2AC5E29E10F3}.Release|x86.ActiveCfg = Release|Win32
		{B6281497-762A-4D24-852C-2AC5E29E10F3}.Release|x86.Build.0 = Release|Win32
		{8E9AE057-0C24-4008-A885-4E4E9AC13A8C}.Debug|x64.ActiveCfg = Debug|x64
		{8E9AE057-0C24-4008-A885-4E4E9AC13A8C}.Debug|x64.Build.0 = Debug|x64
		{8E9AE057-0C24-4008-A885-4E4E9AC13A8C}.Debug|x86.ActiveCfg = Debug|Win32
		{8E9AE057-0C24-4008-A885-4E4E9AC13A8C}.Debug|x86.Build.0 = Debug|Win32
		{8E9AE057-0C24-4008-A885-4E4E9AC13A8C}.Release|x64.ActiveCfg = Release|x64
		{8E9AE057-0C24-4008-A885-4E4E9AC13A8C}.Release|x64.Build.0 = Release|x64
		{8E9AE057-0C24-4008-A885-4E4E9AC13A8C}.Release|x86.ActiveCfg = Release|Win32
		{8E9AE057-0C24-4008-A885-4E4E9AC13A8C}.Release|x86.Build.0 = Release|Win32
		{76D6D974-C90A-4678-9F79-A6EAEE36F446}.Debug|x64.ActiveCfg = Debug|x64
		{76D6D974-C90A-4678-9F79-A6EAEE36F446}.Debug|x64.Build.0 = Debug|x64
		{76D6D974-C90A-4678-9F79-A6EAEE36F446}.Debug|x86.ActiveCfg = Debug|Win32
		{76D6D974-C90A-4678-9F79-A6EAEE36F446}.Debug|x86.Build.0 = Debug|Win32
		{76D6D974-C90A-4678-9F79-A6EAEE36F446}.Release|x64.ActiveCfg = Release|x64
		{76D6D974-C90A-4678-9F79-A6EAEE36F446}.Release|x64.Build.0 = Release|x64
		{76D6D974-C90A-4678-9F79-A6EAEE36F446}.Release|x86.ActiveCfg = Release|Win32
		{76D6D974-C90A-4678-9F79-A6EAEE36F446}.Release|x86.Build.0 = Release|Win32
		{30DC6FA1-5895-4724-8AF0-599C9881C14D}.Debug|x64.ActiveCfg = Debug|x64
		{30DC6FA1-5895-4724-8AF0-599C9881C14D}.Debug|x64.Build.0 = Debug|x64
		{30DC6FA1-5895-4724-8AF0-599C9881C14D}.Debug|x86.ActiveCfg = Debug|Win32
		{30DC6FA1-5895-4724-8AF0-599C9881C14D}.Debug|x86.Build.0 = Debug|Win32
		{30DC6FA1-5895-4724-8AF0-599C9881C14D}.Release|x64.ActiveCfg = Release|x64
		{30DC6FA1-5895-4724-8AF0-599C9881C14D}.Release|x64.Build.0 = Release|x64
		{30DC6FA1-5895-4724-8AF0-599C9881C14D}.Release|x86.ActiveCfg = Release|Win32
		{30DC6FA1-5895-4724-8AF0-599C9881C14D}.Release|x86.Build.0 = Release|Win32
		{B2CDB2B6-E554-440E-BE01-EA050EBD1317}.Debug|x64.ActiveCfg = Debug|x64
		{B2CDB2B6-E554-440E-BE01-EA050EBD1317}.Debug|x64.Build.0 = Debug|x64
		{B2CDB2B6-E554-440E-BE01-EA050EBD1317}.Debug|x86.ActiveCfg = Debug|Win32
		{B2CDB2B6-E554-440E-BE01-EA050EBD1317}.Debug|x86.Build.0 = Debug|Win32
		{B2CDB2B6-E554-440E-BE01-EA050EBD1317}.Release|x64.ActiveCfg = Release|x64
		{B2CDB2B6-E554-440E-BE01-EA050EBD1317}.Release|x64.Build.0 = Release|x64
		{B2CDB2B6-E554-440E-BE01-EA050EBD1317}.Release|x86.ActiveCfg = Release|Win32
		{B2CDB2B6-E554-440E-BE01-EA050EBD1317}.Release|x86.Build.0 = Release|Win32
		{8EFC7570-DA47-47C4-8972-BAF12ECF3484}.Debug|x64.ActiveCfg = Debug|x64
		{8EFC7570-DA47-47C4-8972-BAF12ECF3484}.Debug|x64.Build.0 = Debug|x64
		{8EFC7570-DA47-47C4-8972-BAF12ECF3484}.Debug|x86.ActiveCfg = Debug|Win32
		{8EFC7570-DA47-47C4-8972-BAF12ECF3484}.Debug|x86.Build.0 = Debug|Win32
		{8EFC7570-DA47-47C4-8972-BAF12ECF3484}.Release|x64.ActiveCfg = Release|x64
		{8EFC7570-DA47-47C4-8972-BAF12ECF3484}.Release|x64.Build.0 = Release|x64
		{8EFC7570-DA47-47C4-8972-BAF12ECF3484}.Release|x86.ActiveCfg = Release|Win32
		{8EFC7570-DA47-47C4-8972-BAF12ECF3484}.Release|x86.Build.0 = Release|Win32
		{057EF2E4-91AA-4162-86B7-27D2EEA0BADF}.Debug|x64.ActiveCfg = Debug|x64
		{057EF2E4-91AA-4162-86B7-27D2EEA0BADF}.Debug|x64.Build.0 = Debug|x64
		{057EF2E4-91AA-4162-86B7-27D2EEA0BADF}.Debug|x86.ActiveCfg = Debug|Win32
		{057EF2E4-91AA-4162-86B7-27D2EEA0BADF}.Debug|x86.Build.0 = Debug|Win32
		{057EF2E4-91AA-4162-86B7-27D2EEA0BADF}.Release|x64.ActiveCfg = Release|x64
		{057EF2E4-91AA-4162-86B7-27D2EEA0BADF}.Release|x64.Build.0 = Release|x64
		{057EF2E4-91AA-4162-86B7-27D2EEA0BADF}.Release|x86.ActiveCfg = Release|Win32
		{057EF2E4-91AA-4162-86B7-27D2EEA0BADF}.Release|x86.Build.0 = Release|Win32
		{4C282F67-C1F4-4B82-872F-B2AD99079624}.Debug|x64.ActiveCfg = Debug|x64
		{4C282F67-C1F4-4B82-872F-B2AD99079624}.Debug|x64.Build.0 = Debug|x64
		{4C282F67-C1F4-4B82-872F-B2AD99079624}.Debug|x86.ActiveCfg = Debug|Win32
		{4C282F67-C1F4-4B82-872F-B2AD99079624}.Debug|x86.Build.0 = Debug|Win32
		{4C282F67-C1F4-4B82-872F-B2AD99079624}.Release|x64.ActiveCfg = Release|x64
		{4C282F67-C1F4-4B82-872F-B2AD99079624}.Release|x64.Build.0 = Release|x64
		{4C282F67-C1F4-4B82-872F-B2AD99079624}.Release|x86.ActiveCfg = Release|Win32
		{4C282F67-C1F4-4B82-872F-B2AD99079624}.Release|x86.Build.0 = Release|Win32
		{FC15CA5E-5035-46A0-B398-BF1DCCA92C68}.Debug|x64.ActiveCfg = Debug|x64
		{FC15CA5E-5035-46A0-B398-BF1DCCA92C68}.Debug|x64.Build.0 = Debug|x64
		{FC15CA5E-5035-46A0-B398-BF1DCCA92C68}.Debug|x86.ActiveCfg = Debug|Win32
		{FC15CA5E-5035-46A0-B398-BF1DCCA92C68}.Debug|x86.Build.0 = Debug|Win32
		{FC15CA5E-5035-46A0-B398-BF1DCCA92C68}.Release|x64.ActiveCfg = Release|x64
		{FC15CA5E-5035-46A0-B398-BF1DCCA92C68}.Release|x64.Build.0 = Release|x64
		{FC15CA5E-5035-46A0-B398-BF1DCCA92C68}.Release|x86.ActiveCfg = Release|Win32
		{FC15CA5E-5035-46A0-B398-BF1DCCA92C68}.Release|x86.Build.0 = Release|Win32
		{48690529-3FA4-45E4-8576-56D11A4121FD}.Debug|x64.ActiveCfg = Debug|x64
		{48690529-3FA4-45E4-8576-56D11A4121FD}.Debug|x64.Build.0 = Debug|x64
		{48690529-3FA4-45E4-8576-56D11A4121FD}.Debug|x86.ActiveCfg = Debug|Win32
		{48690529-3FA4-45E4-8576-56D11A4121FD}.Debug|x86.Build.0 = Debug|Win32
		{48690529-3FA4-45E4-8576-56D11A4121FD}.Release|x64.ActiveCfg = Release|x64
		{48690529-3FA4-45E4-8576-56D11A4121FD}.Release|x64.Build.0 = Release|x64
		{48690529-3FA4-45E4-8576-56D11A4121FD}.Release|x86.ActiveCfg = Release|Win32
		{48690529-3FA4-45E4-8576-56D11A4121FD}.Release|x86.Build.0 = Release|Win32
		{4E9C2E3C-6F86-4141-9CCB-87BC2E8E8246}.Debug|x64.ActiveCfg = Debug|x64
		{4E9C2E3C-6F86-4141-9CCB-87BC2E8E8246}.Debug|x64.Build.0 = Debug|x64
		{4E9C2E3C-6F86-4141-9CCB-87BC2E8E8246}.Debug|x86.ActiveCfg = Debug|Win32
		{4E9C2E3C-6F86-4141-9CCB-87BC2E8E8246}.Debug|x86.Build.0 = Debug|Win32
		{4E9C2E3C-6F86-4141-9CCB-87BC2E8E8246}.Release|x64.ActiveCfg = Release|x64
		{4E9C2E3C-6F86-4141-9CCB-87BC2E8E8246}.Release|x64.Build.0 = Release|x64
		{4E9C2E3C-6F86-4141-9CCB-87BC2E8E8246}.Release|x86.ActiveCfg = Release|Win32
		{4E9C2E3C-6F86-4141-9CCB-87BC2E8E8246}.Release|x86.Build.0 = Release|Win32
		{D78CA2A8-6688-429E-8381-D8E23B7F80E2}.Debug|x64.ActiveCfg = Debug|x64
		{D78CA2A8-6688-429E-8381-D8E23B7F80E2}.Debug|x64.Build.0 = Debug|x64
		{D78CA2A8-6688-429E-8381-D8E23B7F80E2}.Debug|x86.ActiveCfg = Debug|Win32
		{D78CA2A8-6688-429E-8381-D8E23B7F80E2}.Debug|x86.Build.0 = Debug|Win32
		{D78CA2A8-6688-429E-8381-D8E23B7F80E2}.Release|x64.ActiveCfg = Release|x64
		{D78CA2A8-6688-429E-8381-D8E23B7F80E2}.Release|x64.Build.0 = Release|x64
		{D78CA2A8-6688-429E-8381-D8E23B7F80E2}.Release|x86.ActiveCfg = Release|Win32
		{D78CA2A8-6688-429E-8381-D8E23B7F80E2}.Release|x86.Build.0 = Release|Win32
		{E56CB962-EA3B-42BC-A73E-119E39B00CAC}.Debug|x64.ActiveCfg = Debug|x64
		{E56CB962-EA3B-42BC-A73E-119E39B00CAC}.Debug|x64.Build.0 = Debug|x64
		{E56CB962-EA3B-42BC-A73E-119E39B00CAC}.Debug|x86.ActiveCfg = Debug|Win32
		{E56CB962-EA3B-42BC-A73E-119E39B00CAC}.Debug|x86.Build.0 = Debug|Win32
		{E56CB962-EA3B-42BC-A73E-119E39B00CAC}.Release|x64.ActiveCfg = Release|x64
		{E56CB962-EA3B-42BC-A73E-119E39B00CAC}.Release|x64.Build.0 = Release|x64
		{E56CB962-EA3B-42BC-A73E-119E39B00CAC}.Release|x86.ActiveCfg = Release|Win32
		{E56CB962-EA3B-42BC-A73E-119E39B00CAC}.Release|x86.Build.0 = Release|Win32
		{836F61C2-E8E4-46AA-A507-F84FC0FC0578}.Debug|x64.ActiveCfg = Debug|x64
		{836F61C2-E8E4-46AA-A507-F84FC0FC0578}.Debug|x64.Build.0 = Debug|x64
		{836F61C2-E8E4-46AA-A507-F84FC0FC0578}.Debug|x86.ActiveCfg = Debug|Win32
		{836F61C2-E8E4-46AA-A507-F84FC0FC0578}.Debug|x86.Build.0 = Debug|Win32
		{836F61C2-E8E4-46AA-A507-F84FC0FC0578}.Release|x64.ActiveCfg = Release|x64
		{836F61C2-E8E4-46AA-A507-F84FC0FC0578}.Release|x64.Build.0 = Release|x64
		{836F61C2-E8E4-46AA-A507-F84FC0FC0578}.Release|x86.ActiveCfg = Release|Win32
		{836F61C2-E8E4-46AA-A507-F84FC0FC0578}.Release|x86.Build.0 = Release|Win32
		{B724DC62-9CF3-46BE-9C77-6EBAEE4898CE}.Debug|x64.ActiveCfg = Debug|x64
		{B724DC62-9CF3-46BE-9C77-6EBAEE4898CE}.Debug|x64.Build.0 = Debug|x64
		{B724DC62-9CF3-46BE-9C77-6EBAEE4898CE}.Debug|x86.ActiveCfg = Debug|Win32
		{B724DC62-9CF3-46BE-9C77-6EBAEE4898CE}.Debug|x86.Build.0 = Debug|Win32
		{B724DC62-9CF3-46BE-9C77-6EBAEE4898CE}.Release|x64.ActiveCfg = Release|x64
		{B724DC62-9CF3-46BE-9C77-6EBAEE4898CE}.Release|x64.Build.0 = Release|x64
		{B724DC62-9CF3-46BE-9C77-6EBAEE4898CE}.Release|x86.ActiveCfg = Release|Win32
		{B724DC62-9CF3-46BE-9C77-6EBAEE4898CE}.Release|x86.Build.0 = Release|Win32
		{7D34A985-4155-4123-9720-93D7496AEB82}.Debug|x64.ActiveCfg = Debug|x64
		{7D34A985-4155-4123-9720-93D7496AEB82}.Debug|x64.Build.0 = Debug|x64
		{7D34A985-4155-4123-9720-93D7496AEB82}.Debug|x86.ActiveCfg = Debug|Win32
		{7D34A985-4155-4123-9720-93D7496AEB82}.Debug|x86.Build.0 = Debug|Win32
		{7D34A985-4155-4123-9720-93D7496AEB82}.Release|x64.ActiveCfg = Release|x64
		{7D34A985-4155-4123-9720-93D7496AEB82}.Release|x64.Build.0 = Release|x64
		{7D34A985-4155-4123-9720-93D7496AEB82}.Release|x86.ActiveCfg = Release|Win32
		{7D34A985-4155-4123-9720-93D7496AEB82}.Release|x86.Build.0 = Release|Win32
		{506BEA33-3F16-4AAB-A3D5-846F387F0F38}.Debug|x64.ActiveCfg = Debug|x64
		{506BEA33-3F16-4AAB-A3D5-846F387F0F38}.Debug|x64.Build.0 = Debug|x64
		{506BEA33-3F16-4AAB-A3D5-846F387F0F38}.Debug|x86.ActiveCfg = Debug|Win32
		{506BEA33-3F16-4AAB-A3D5-846F387F0F38}.Debug|x86.Build.0 = Debug|Win32
		{506BEA33-3F16-4AAB-A3D5-846F387F0F38}.Release|x64.ActiveCfg = Release|x64
		{506BEA33-3F16-4AAB-A3D5-846F387F0F38}.Release|x64.Build.0 = Release|x64
		{506BEA33-3F16-4AAB-A3D5-846F387F0F38}.Release|x86.ActiveCfg = Release|Win32
		{506BEA33-3F16-4AAB-A3D5-846F387F0F38}.Release|x86.Build.0 = Release|Win32
	EndGlobalSection
	GlobalSection(SolutionProperties) = preSolution
		HideSolutionNode = FALSE
	EndGlobalSection
EndGlobal
